#MicroXplorer Configuration settings - do not modify
BSP_IP_NAME=P-NUCLEO-WB55-NUCLEO
CAD.formats=
CAD.pinconfig=
CAD.provider=
File.Version=6
KeepUserPlacement=false
MMTAppRegionsCount=0
MMTConfigApplied=false
Mcu.CPN=STM32WB55RGV6
Mcu.Family=STM32WB
Mcu.IP0=MEMORYMAP
Mcu.IP1=NVIC
Mcu.IP2=P-NUCLEO-WB55-NUCLEO
Mcu.IP3=RCC
Mcu.IP4=SYS
Mcu.IP5=TIM16
Mcu.IP6=USART1
Mcu.IPNb=8
Mcu.Name=STM32WB55RGVx
Mcu.Package=VFQFPN68
Mcu.Pin0=PC13
Mcu.Pin1=PC14-OSC32_IN
Mcu.Pin10=PA13
Mcu.Pin11=PA14
Mcu.Pin12=PD0
Mcu.Pin13=PD1
Mcu.Pin14=PB3
Mcu.Pin15=PB5
Mcu.Pin16=PB6
Mcu.Pin17=PB7
Mcu.Pin18=VP_SYS_VS_Systick
Mcu.Pin19=VP_TIM16_VS_ClockSourceINT
Mcu.Pin2=PC15-OSC32_OUT
Mcu.Pin20=VP_MEMORYMAP_VS_MEMORYMAP
Mcu.Pin21=VP_STMicroelectronics.X-CUBE-AI_VS_ArtificialOoIntelligenceJjXAaCUBEAaAI_10.2.0
Mcu.Pin22=VP_STMicroelectronics.X-CUBE-AI_VS_DeviceJjApplication_10.2.0
Mcu.Pin23=VP_P-NUCLEO-WB55-NUCLEO_VS_BSP_COMMON
Mcu.Pin3=PC4
Mcu.Pin4=OSC_OUT
Mcu.Pin5=OSC_IN
Mcu.Pin6=PB0
Mcu.Pin7=PB1
Mcu.Pin8=PA11
Mcu.Pin9=PA12
Mcu.PinsNb=24
Mcu.ThirdParty0=STMicroelectronics.X-CUBE-AI.10.2.0
Mcu.ThirdPartyNb=1
Mcu.UserConstants=
Mcu.UserName=STM32WB55RGVx
MxCube.Version=6.15.0
MxDb.Version=DB.6.0.150
NVIC.BusFault_IRQn=true\:0\:0\:false\:false\:true\:false\:false\:false
NVIC.DebugMonitor_IRQn=true\:0\:0\:false\:false\:true\:false\:false\:false
NVIC.ForceEnableDMAVector=true
NVIC.HardFault_IRQn=true\:0\:0\:false\:false\:true\:false\:false\:false
NVIC.MemoryManagement_IRQn=true\:0\:0\:false\:false\:true\:false\:false\:false
NVIC.NonMaskableInt_IRQn=true\:0\:0\:false\:false\:true\:false\:false\:false
NVIC.PendSV_IRQn=true\:0\:0\:false\:false\:true\:false\:false\:false
NVIC.PriorityGroup=NVIC_PRIORITYGROUP_4
NVIC.SVCall_IRQn=true\:0\:0\:false\:false\:true\:false\:false\:false
NVIC.SysTick_IRQn=true\:0\:0\:false\:false\:true\:false\:true\:false
NVIC.UsageFault_IRQn=true\:0\:0\:false\:false\:true\:false\:false\:false
OSC_IN.GPIOParameters=GPIO_Label
OSC_IN.GPIO_Label=RCC_OSC_IN
OSC_IN.Locked=true
OSC_IN.Signal=RCC_OSC_IN
OSC_OUT.GPIOParameters=GPIO_Label
OSC_OUT.GPIO_Label=RCC_OSC_OUT
OSC_OUT.Locked=true
OSC_OUT.Signal=RCC_OSC_OUT
P-NUCLEO-WB55-NUCLEO.BUTTON=1
P-NUCLEO-WB55-NUCLEO.BUTTON2=1
P-NUCLEO-WB55-NUCLEO.BUTTON3=1
P-NUCLEO-WB55-NUCLEO.IPParameters=BUTTON,LD2,VCP,BUTTON2,LD1,LD3,BUTTON3
P-NUCLEO-WB55-NUCLEO.LD1=true
P-NUCLEO-WB55-NUCLEO.LD2=true
P-NUCLEO-WB55-NUCLEO.LD3=true
P-NUCLEO-WB55-NUCLEO.VCP=false
PA11.GPIOParameters=GPIO_Label
PA11.GPIO_Label=USB_DM
PA11.Locked=true
PA11.Signal=USB_DM
PA12.GPIOParameters=GPIO_Label
PA12.GPIO_Label=USB_DP
PA12.Locked=true
PA12.Signal=USB_DP
PA13.GPIOParameters=GPIO_Label
PA13.GPIO_Label=JTMS
PA13.Locked=true
PA13.Signal=SYS_JTMS-SWDIO
PA14.GPIOParameters=GPIO_Label
PA14.GPIO_Label=JTCK
PA14.Locked=true
PA14.Signal=SYS_JTCK-SWCLK
PB0.Locked=true
PB1.Locked=true
PB3.GPIOParameters=GPIO_Label
PB3.GPIO_Label=JTDO
PB3.Locked=true
PB3.Signal=SYS_JTDO-SWO
PB5.Locked=true
PB6.Locked=true
PB6.Mode=Asynchronous
PB6.Signal=USART1_TX
PB7.Locked=true
PB7.Mode=Asynchronous
PB7.Signal=USART1_RX
PC13.GPIOParameters=GPIO_Label
PC13.GPIO_Label=SYS_WKUP2
PC13.Locked=true
PC13.Signal=SYS_WKUP2
PC14-OSC32_IN.GPIOParameters=GPIO_Label
PC14-OSC32_IN.GPIO_Label=RCC_OSC32_IN
PC14-OSC32_IN.Locked=true
PC14-OSC32_IN.Signal=RCC_OSC32_IN
PC15-OSC32_OUT.GPIOParameters=GPIO_Label
PC15-OSC32_OUT.GPIO_Label=RCC_OSC32_OUT
PC15-OSC32_OUT.Locked=true
PC15-OSC32_OUT.Signal=RCC_OSC32_OUT
PC4.Locked=true
PCC.Ble.ConnectionInterval=1000.0
PCC.Ble.DataLength=6
PCC.Ble.IsUsed=false
PCC.Ble.Mode=NOT_SELECTED
PCC.Ble.PowerLevel=Min
PCC.Zigbee.IsUsed=false
PCC.Zigbee.Mode=Sleepy End Device
PCC.Zigbee.Payload=15
PCC.Zigbee.PoolPeriodicity=480.0
PCC.Zigbee.PowerLevel=Min
PCC.Zigbee.RequestPeriodicity=1500.0
PD0.Locked=true
PD1.Locked=true
PinOutPanel.RotationAngle=0
ProjectManager.AskForMigrate=true
ProjectManager.BackupPrevious=false
ProjectManager.CompilerLinker=GCC
ProjectManager.CompilerOptimize=6
ProjectManager.ComputerToolchain=false
ProjectManager.CoupleFile=false
ProjectManager.CustomerFirmwarePackage=
ProjectManager.DefaultFWLocation=true
ProjectManager.DeletePrevious=true
ProjectManager.DeviceId=STM32WB55RGVx
ProjectManager.FirmwarePackage=STM32Cube FW_WB V1.23.0
ProjectManager.FreePins=false
ProjectManager.HalAssertFull=false
ProjectManager.HeapSize=0x800
ProjectManager.KeepUserCode=true
ProjectManager.LastFirmware=true
ProjectManager.LibraryCopy=1
ProjectManager.MainLocation=Core/Src
ProjectManager.NoMain=false
ProjectManager.PreviousToolchain=
ProjectManager.ProjectBuild=false
ProjectManager.ProjectFileName=tflite-x-cube-ai.ioc
ProjectManager.ProjectName=tflite-x-cube-ai
ProjectManager.ProjectStructure=
ProjectManager.RegisterCallBack=
ProjectManager.StackSize=0x800
ProjectManager.TargetToolchain=STM32CubeIDE
ProjectManager.ToolChainLocation=
ProjectManager.UAScriptAfterPath=
ProjectManager.UAScriptBeforePath=
ProjectManager.UnderRoot=true
ProjectManager.functionlistsort=1-SystemClock_Config-RCC-false-HAL-false,2-MX_GPIO_Init-GPIO-false-HAL-true,3-MX_TIM16_Init-TIM16-false-HAL-true,5-MX_X_CUBE_AI_Init-STMicroelectronics.X-CUBE-AI.10.2.0-false-HAL-false,false-0--P-NUCLEO-WB55-NUCLEO-true-HAL-true,6-MX_X_CUBE_AI_Process-STMicroelectronics.X-CUBE-AI.10.2.0-false-HAL-false
RCC.ADCFreq_Value=64000000
RCC.AHB2CLKDivider=RCC_SYSCLK_DIV2
RCC.AHBFreq_Value=64000000
RCC.APB1Freq_Value=64000000
RCC.APB1TimFreq_Value=64000000
RCC.APB2Freq_Value=64000000
RCC.APB2TimFreq_Value=64000000
RCC.APB3Freq_Value=16000000
RCC.Cortex2Freq_Value=4000000
RCC.Cortex2_Div=SYSTICK_CLKSOURCE_HCLK_DIV8
RCC.CortexFreq_Value=64000000
RCC.FCLK2Freq_Value=32000000
RCC.FCLKCortexFreq_Value=64000000
RCC.FamilyName=M
RCC.HCLK2Freq_Value=32000000
RCC.HCLK3Freq_Value=64000000
RCC.HCLKFreq_Value=64000000
RCC.HCLKRFFreq_Value=16000000
RCC.HSE_VALUE=32000000
RCC.HSI48_VALUE=48000000
RCC.HSI_VALUE=16000000
RCC.I2C1Freq_Value=64000000
RCC.I2C3Freq_Value=64000000
RCC.IPParameters=ADCFreq_Value,AHB2CLKDivider,AHBFreq_Value,APB1Freq_Value,APB1TimFreq_Value,APB2Freq_Value,APB2TimFreq_Value,APB3Freq_Value,Cortex2Freq_Value,Cortex2_Div,CortexFreq_Value,FCLK2Freq_Value,FCLKCortexFreq_Value,FamilyName,HCLK2Freq_Value,HCLK3Freq_Value,HCLKFreq_Value,HCLKRFFreq_Value,HSE_VALUE,HSI48_VALUE,HSI_VALUE,I2C1Freq_Value,I2C3Freq_Value,LPTIM1Freq_Value,LPTIM2Freq_Value,LPUART1CLockSelection,LPUART1Freq_Value,LSCOPinFreq_Value,LSE_VALUE,LSI_VALUE,MCO1PinFreq_Value,MSIClockRange,PLLPoutputFreq_Value,PLLQoutputFreq_Value,PLLRCLKFreq_Value,PLLSAI1PoutputFreq_Value,PLLSAI1QoutputFreq_Value,PLLSAI1RoutputFreq_Value,PLLSourceVirtual,PWRFreq_Value,RFWKPFreq_Value,RNGFreq_Value,SAI1Freq_Value,SMPS1Freq_Value,SMPSCLockSelection,SMPSCLockSelectionVirtual,SMPSCLockSelectionVirtualVirtual,SMPSDivider,SYSCLKFreq_VALUE,SYSCLKSource,USART1Freq_Value,USBFreq_Value,VCOInputFreq_Value,VCOOutputFreq_Value,VCOSAI1OutputFreq_Value
RCC.LPTIM1Freq_Value=64000000
RCC.LPTIM2Freq_Value=64000000
RCC.LPUART1CLockSelection=RCC_LPUART1CLKSOURCE_SYSCLK
RCC.LPUART1Freq_Value=64000000
RCC.LSCOPinFreq_Value=32000
RCC.LSE_VALUE=32768
RCC.LSI_VALUE=32000
RCC.MCO1PinFreq_Value=64000000
RCC.MSIClockRange=RCC_MSIRANGE_10
RCC.PLLPoutputFreq_Value=64000000
RCC.PLLQoutputFreq_Value=64000000
RCC.PLLRCLKFreq_Value=64000000
RCC.PLLSAI1PoutputFreq_Value=64000000
RCC.PLLSAI1QoutputFreq_Value=64000000
RCC.PLLSAI1RoutputFreq_Value=64000000
RCC.PLLSourceVirtual=RCC_PLLSOURCE_HSI
RCC.PWRFreq_Value=64000000
RCC.RFWKPFreq_Value=31250
RCC.RNGFreq_Value=32000
RCC.SAI1Freq_Value=64000000
RCC.SMPS1Freq_Value=16000000
RCC.SMPSCLockSelection=RCC_SMPSCLKSOURCE_HSI
RCC.SMPSCLockSelectionVirtual=RCC_SMPSCLKSOURCE_HSI
RCC.SMPSCLockSelectionVirtualVirtual=RCC_SMPSCLKSOURCE_HSI
RCC.SMPSDivider=1
RCC.SYSCLKFreq_VALUE=64000000
RCC.SYSCLKSource=RCC_SYSCLKSOURCE_PLLCLK
RCC.USART1Freq_Value=64000000
RCC.USBFreq_Value=64000000
RCC.VCOInputFreq_Value=16000000
RCC.VCOOutputFreq_Value=128000000
RCC.VCOSAI1OutputFreq_Value=128000000
STMicroelectronics.X-CUBE-AI.10.2.0.ActivationBufferSizeList=5024
STMicroelectronics.X-CUBE-AI.10.2.0.ActivationBuffers=pool0
STMicroelectronics.X-CUBE-AI.10.2.0.ActivationNames=pool0
STMicroelectronics.X-CUBE-AI.10.2.0.ActivationSizes=AI_BASIC_MODEL_DATA_ACTIVATION_1_SIZE
STMicroelectronics.X-CUBE-AI.10.2.0.ApplicationCcDeviceJjApplication=ApplicationTemplate
STMicroelectronics.X-CUBE-AI.10.2.0.ArtificialOoIntelligenceJjXAaCUBEAaAI_Checked=true
STMicroelectronics.X-CUBE-AI.10.2.0.DeviceJjApplication_Checked=true
STMicroelectronics.X-CUBE-AI.10.2.0.HeapSize=0x800
STMicroelectronics.X-CUBE-AI.10.2.0.IPParameters=HeapSize,StackSize,ReadyForCodeGeneration,ModelName-c29d578fcdd2ad290cb5f3d3d47015f156259ff803bf11daba03a2a641401ff9,ModelKind-c29d578fcdd2ad290cb5f3d3d47015f156259ff803bf11daba03a2a641401ff9,ModelCompression-c29d578fcdd2ad290cb5f3d3d47015f156259ff803bf11daba03a2a641401ff9,ModelHashList,ModelNameList,WorkingBufferStartAddrList,ModelStructureFile-c29d578fcdd2ad290cb5f3d3d47015f156259ff803bf11daba03a2a641401ff9,ModelMacc-c29d578fcdd2ad290cb5f3d3d47015f156259ff803bf11daba03a2a641401ff9,ModelActualCompression-c29d578fcdd2ad290cb5f3d3d47015f156259ff803bf11daba03a2a641401ff9,ModelRamOccupation-c29d578fcdd2ad290cb5f3d3d47015f156259ff803bf11daba03a2a641401ff9,ModelFlashOccupation-c29d578fcdd2ad290cb5f3d3d47015f156259ff803bf11daba03a2a641401ff9,ModelType-c29d578fcdd2ad290cb5f3d3d47015f156259ff803bf11daba03a2a641401ff9,copyWeightToRam,useInputAllocation,useOutputAllocation,customLayerConfigEnabled,noOnnxIoTranspose,ActivationBuffers,ActivationSizes,ActivationNames,InternalRamActivationBufferMaxSize,ActivationBufferSizeList,MaximumNumberOfInputLayer,MaximumNumberOfOutputLayer,MaximumSizeOfInputLayer,MaximumSizeOfOutputLayer,copyWeightToRam-c29d578fcdd2ad290cb5f3d3d47015f156259ff803bf11daba03a2a641401ff9,useInputAllocation-c29d578fcdd2ad290cb5f3d3d47015f156259ff803bf11daba03a2a641401ff9,useOutputAllocation-c29d578fcdd2ad290cb5f3d3d47015f156259ff803bf11daba03a2a641401ff9,customLayerConfigEnabled-c29d578fcdd2ad290cb5f3d3d47015f156259ff803bf11daba03a2a641401ff9,noOnnxIoTranspose-c29d578fcdd2ad290cb5f3d3d47015f156259ff803bf11daba03a2a641401ff9,XAaCUBEAaAICcArtificialOoIntelligenceJjCore,ApplicationCcDeviceJjApplication
STMicroelectronics.X-CUBE-AI.10.2.0.InternalRamActivationBufferMaxSize=AI_BASIC_MODEL_DATA_ACTIVATIONS_SIZE
STMicroelectronics.X-CUBE-AI.10.2.0.MaximumNumberOfInputLayer=1
STMicroelectronics.X-CUBE-AI.10.2.0.MaximumNumberOfOutputLayer=1
STMicroelectronics.X-CUBE-AI.10.2.0.MaximumSizeOfInputLayer=1
STMicroelectronics.X-CUBE-AI.10.2.0.MaximumSizeOfOutputLayer=1
STMicroelectronics.X-CUBE-AI.10.2.0.ModelActualCompression-c29d578fcdd2ad290cb5f3d3d47015f156259ff803bf11daba03a2a641401ff9=0.0
STMicroelectronics.X-CUBE-AI.10.2.0.ModelCompression-c29d578fcdd2ad290cb5f3d3d47015f156259ff803bf11daba03a2a641401ff9=None
STMicroelectronics.X-CUBE-AI.10.2.0.ModelFlashOccupation-c29d578fcdd2ad290cb5f3d3d47015f156259ff803bf11daba03a2a641401ff9=415332
STMicroelectronics.X-CUBE-AI.10.2.0.ModelHashList=c29d578fcdd2ad290cb5f3d3d47015f156259ff803bf11daba03a2a641401ff9
STMicroelectronics.X-CUBE-AI.10.2.0.ModelKind-c29d578fcdd2ad290cb5f3d3d47015f156259ff803bf11daba03a2a641401ff9=TFLITE
STMicroelectronics.X-CUBE-AI.10.2.0.ModelMacc-c29d578fcdd2ad290cb5f3d3d47015f156259ff803bf11daba03a2a641401ff9=101898
STMicroelectronics.X-CUBE-AI.10.2.0.ModelName-c29d578fcdd2ad290cb5f3d3d47015f156259ff803bf11daba03a2a641401ff9=basic_model
STMicroelectronics.X-CUBE-AI.10.2.0.ModelNameList=basic_model
STMicroelectronics.X-CUBE-AI.10.2.0.ModelRamOccupation-c29d578fcdd2ad290cb5f3d3d47015f156259ff803bf11daba03a2a641401ff9=5024
STMicroelectronics.X-CUBE-AI.10.2.0.ModelStructureFile-c29d578fcdd2ad290cb5f3d3d47015f156259ff803bf11daba03a2a641401ff9=C\:\\Users\\jakub\\Desktop\\programming\\stm32\\ml-embedded\\digits-recognition-model/basic_model_converted.tflite
STMicroelectronics.X-CUBE-AI.10.2.0.ModelType-c29d578fcdd2ad290cb5f3d3d47015f156259ff803bf11daba03a2a641401ff9=STM32Cube.AI MCU runtime
STMicroelectronics.X-CUBE-AI.10.2.0.ReadyForCodeGeneration=true
STMicroelectronics.X-CUBE-AI.10.2.0.StackSize=0x800
STMicroelectronics.X-CUBE-AI.10.2.0.WorkingBufferStartAddrList=0xFFFFFFFF
STMicroelectronics.X-CUBE-AI.10.2.0.XAaCUBEAaAICcArtificialOoIntelligenceJjCore=true
STMicroelectronics.X-CUBE-AI.10.2.0.copyWeightToRam=false
STMicroelectronics.X-CUBE-AI.10.2.0.copyWeightToRam-c29d578fcdd2ad290cb5f3d3d47015f156259ff803bf11daba03a2a641401ff9=false
STMicroelectronics.X-CUBE-AI.10.2.0.customLayerConfigEnabled=false
STMicroelectronics.X-CUBE-AI.10.2.0.customLayerConfigEnabled-c29d578fcdd2ad290cb5f3d3d47015f156259ff803bf11daba03a2a641401ff9=false
STMicroelectronics.X-CUBE-AI.10.2.0.noOnnxIoTranspose=false
STMicroelectronics.X-CUBE-AI.10.2.0.noOnnxIoTranspose-c29d578fcdd2ad290cb5f3d3d47015f156259ff803bf11daba03a2a641401ff9=false
STMicroelectronics.X-CUBE-AI.10.2.0.useInputAllocation=true
STMicroelectronics.X-CUBE-AI.10.2.0.useInputAllocation-c29d578fcdd2ad290cb5f3d3d47015f156259ff803bf11daba03a2a641401ff9=true
STMicroelectronics.X-CUBE-AI.10.2.0.useOutputAllocation=true
STMicroelectronics.X-CUBE-AI.10.2.0.useOutputAllocation-c29d578fcdd2ad290cb5f3d3d47015f156259ff803bf11daba03a2a641401ff9=true
STMicroelectronics.X-CUBE-AI.10.2.0_SwParameter=ApplicationCcDeviceJjApplication\:ApplicationTemplate;XAaCUBEAaAICcArtificialOoIntelligenceJjCore\:true;
TIM16.IPParameters=Prescaler,Period
TIM16.Period=65536 - 1
TIM16.Prescaler=80 - 1
USART1.IPParameters=VirtualMode-Asynchronous
USART1.VirtualMode-Asynchronous=VM_ASYNC
VP_MEMORYMAP_VS_MEMORYMAP.Mode=CurAppReg
VP_MEMORYMAP_VS_MEMORYMAP.Signal=MEMORYMAP_VS_MEMORYMAP
VP_P-NUCLEO-WB55-NUCLEO_VS_BSP_COMMON.Mode=COMMON
VP_P-NUCLEO-WB55-NUCLEO_VS_BSP_COMMON.Signal=P-NUCLEO-WB55-NUCLEO_VS_BSP_COMMON
VP_STMicroelectronics.X-CUBE-AI_VS_ArtificialOoIntelligenceJjXAaCUBEAaAI_10.2.0.Mode=ArtificialOoIntelligenceJjXAaCUBEAaAI
VP_STMicroelectronics.X-CUBE-AI_VS_ArtificialOoIntelligenceJjXAaCUBEAaAI_10.2.0.Signal=STMicroelectronics.X-CUBE-AI_VS_ArtificialOoIntelligenceJjXAaCUBEAaAI_10.2.0
VP_STMicroelectronics.X-CUBE-AI_VS_DeviceJjApplication_10.2.0.Mode=DeviceJjApplication
VP_STMicroelectronics.X-CUBE-AI_VS_DeviceJjApplication_10.2.0.Signal=STMicroelectronics.X-CUBE-AI_VS_DeviceJjApplication_10.2.0
VP_SYS_VS_Systick.Mode=SysTick
VP_SYS_VS_Systick.Signal=SYS_VS_Systick
VP_TIM16_VS_ClockSourceINT.Mode=Enable_Timer
VP_TIM16_VS_ClockSourceINT.Signal=TIM16_VS_ClockSourceINT
board=P-NUCLEO-WB55-NUCLEO
boardIOC=true
isbadioc=false
